
Microsoft Visual Studio Solution File, Format Version 12.00
# Visual Studio Version 17
VisualStudioVersion = 17.4.33213.308
MinimumVisualStudioVersion = 10.0.40219.1
Project("{D954291E-2A0B-460D-934E-DC6B0785DB48}") = "SharedLibrary", "SharedLibrary\SharedLibrary.shproj", "{C6DF2DAA-D9A2-4522-A69E-6B7D0D7BAFF3}"
EndProject
Global
	GlobalSection(SolutionProperties) = preSolution
		HideSolutionNode = FALSE
	EndGlobalSection
	GlobalSection(ExtensibilityGlobals) = postSolution
		SolutionGuid = {30F90F92-5AA9-4B4C-ACD0-C68E073C4163}
	EndGlobalSection
	GlobalSection(SharedMSBuildProjectFiles) = preSolution
		SharedLibrary\SharedLibrary.projitems*{c6df2daa-d9a2-4522-a69e-6b7d0d7baff3}*SharedItemsImports = 13
	EndGlobalSection
EndGlobal
